
Microsoft Visual Studio Solution File, Format Version 12.00
# Visual Studio Version 17
VisualStudioVersion = 17.0.31903.59
MinimumVisualStudioVersion = 10.0.40219.1
Project("{2150E333-8FDC-42A3-9474-1A3956D46DE8}") = "src", "src", "{827E0CD3-B72D-47B6-A68D-7590B98EB39B}"
EndProject
Project("{FAE04EC0-301F-11D3-BF4B-00C04F79EFBC}") = "SuperBodega.API", "src\SuperBodega.API\SuperBodega.API.csproj", "{6AA7107D-7D99-4DE6-8207-978856676F48}"
EndProject
Project("{FAE04EC0-301F-11D3-BF4B-00C04F79EFBC}") = "SuperBodega.Core", "src\SuperBodega.Core\SuperBodega.Core.csproj", "{C210781F-05AA-4F9A-BCF9-642226B430A3}"
EndProject
Project("{FAE04EC0-301F-11D3-BF4B-00C04F79EFBC}") = "SuperBodega.Infrastructure", "src\SuperBodega.Infrastructure\SuperBodega.Infrastructure.csproj", "{EF492E41-C1C7-4B51-8AD5-6C0915F76D4F}"
EndProject
Project("{2150E333-8FDC-42A3-9474-1A3956D46DE8}") = "tests", "tests", "{0AB3BF05-4346-4AA6-1389-037BE0695223}"
EndProject
Project("{FAE04EC0-301F-11D3-BF4B-00C04F79EFBC}") = "SuperBodega.Tests", "tests\SuperBodega.Tests\SuperBodega.Tests.csproj", "{668DCC4E-B9FE-40E8-A36A-1D0FEB7D4ECC}"
EndProject
Project("{FAE04EC0-301F-11D3-BF4B-00C04F79EFBC}") = "SuperBodega.ECommerce", "src\SuperBodega.ECommerce\SuperBodega.ECommerce.csproj", "{F811893D-9C6E-413C-A42F-9DB1C08C0870}"
EndProject
Global
	GlobalSection(SolutionConfigurationPlatforms) = preSolution
		Debug|Any CPU = Debug|Any CPU
		Debug|x64 = Debug|x64
		Debug|x86 = Debug|x86
		Release|Any CPU = Release|Any CPU
		Release|x64 = Release|x64
		Release|x86 = Release|x86
	EndGlobalSection
	GlobalSection(ProjectConfigurationPlatforms) = postSolution
		{6AA7107D-7D99-4DE6-8207-978856676F48}.Debug|Any CPU.ActiveCfg = Debug|Any CPU
		{6AA7107D-7D99-4DE6-8207-978856676F48}.Debug|Any CPU.Build.0 = Debug|Any CPU
		{6AA7107D-7D99-4DE6-8207-978856676F48}.Debug|x64.ActiveCfg = Debug|Any CPU
		{6AA7107D-7D99-4DE6-8207-978856676F48}.Debug|x64.Build.0 = Debug|Any CPU
		{6AA7107D-7D99-4DE6-8207-978856676F48}.Debug|x86.ActiveCfg = Debug|Any CPU
		{6AA7107D-7D99-4DE6-8207-978856676F48}.Debug|x86.Build.0 = Debug|Any CPU
		{6AA7107D-7D99-4DE6-8207-978856676F48}.Release|Any CPU.ActiveCfg = Release|Any CPU
		{6AA7107D-7D99-4DE6-8207-978856676F48}.Release|Any CPU.Build.0 = Release|Any CPU
		{6AA7107D-7D99-4DE6-8207-978856676F48}.Release|x64.ActiveCfg = Release|Any CPU
		{6AA7107D-7D99-4DE6-8207-978856676F48}.Release|x64.Build.0 = Release|Any CPU
		{6AA7107D-7D99-4DE6-8207-978856676F48}.Release|x86.ActiveCfg = Release|Any CPU
		{6AA7107D-7D99-4DE6-8207-978856676F48}.Release|x86.Build.0 = Release|Any CPU
		{C210781F-05AA-4F9A-BCF9-642226B430A3}.Debug|Any CPU.ActiveCfg = Debug|Any CPU
		{C210781F-05AA-4F9A-BCF9-642226B430A3}.Debug|Any CPU.Build.0 = Debug|Any CPU
		{C210781F-05AA-4F9A-BCF9-642226B430A3}.Debug|x64.ActiveCfg = Debug|Any CPU
		{C210781F-05AA-4F9A-BCF9-642226B430A3}.Debug|x64.Build.0 = Debug|Any CPU
		{C210781F-05AA-4F9A-BCF9-642226B430A3}.Debug|x86.ActiveCfg = Debug|Any CPU
		{C210781F-05AA-4F9A-BCF9-642226B430A3}.Debug|x86.Build.0 = Debug|Any CPU
		{C210781F-05AA-4F9A-BCF9-642226B430A3}.Release|Any CPU.ActiveCfg = Release|Any CPU
		{C210781F-05AA-4F9A-BCF9-642226B430A3}.Release|Any CPU.Build.0 = Release|Any CPU
		{C210781F-05AA-4F9A-BCF9-642226B430A3}.Release|x64.ActiveCfg = Release|Any CPU
		{C210781F-05AA-4F9A-BCF9-642226B430A3}.Release|x64.Build.0 = Release|Any CPU
		{C210781F-05AA-4F9A-BCF9-642226B430A3}.Release|x86.ActiveCfg = Release|Any CPU
		{C210781F-05AA-4F9A-BCF9-642226B430A3}.Release|x86.Build.0 = Release|Any CPU
		{EF492E41-C1C7-4B51-8AD5-6C0915F76D4F}.Debug|Any CPU.ActiveCfg = Debug|Any CPU
		{EF492E41-C1C7-4B51-8AD5-6C0915F76D4F}.Debug|Any CPU.Build.0 = Debug|Any CPU
		{EF492E41-C1C7-4B51-8AD5-6C0915F76D4F}.Debug|x64.ActiveCfg = Debug|Any CPU
		{EF492E41-C1C7-4B51-8AD5-6C0915F76D4F}.Debug|x64.Build.0 = Debug|Any CPU
		{EF492E41-C1C7-4B51-8AD5-6C0915F76D4F}.Debug|x86.ActiveCfg = Debug|Any CPU
		{EF492E41-C1C7-4B51-8AD5-6C0915F76D4F}.Debug|x86.Build.0 = Debug|Any CPU
		{EF492E41-C1C7-4B51-8AD5-6C0915F76D4F}.Release|Any CPU.ActiveCfg = Release|Any CPU
		{EF492E41-C1C7-4B51-8AD5-6C0915F76D4F}.Release|Any CPU.Build.0 = Release|Any CPU
		{EF492E41-C1C7-4B51-8AD5-6C0915F76D4F}.Release|x64.ActiveCfg = Release|Any CPU
		{EF492E41-C1C7-4B51-8AD5-6C0915F76D4F}.Release|x64.Build.0 = Release|Any CPU
		{EF492E41-C1C7-4B51-8AD5-6C0915F76D4F}.Release|x86.ActiveCfg = Release|Any CPU
		{EF492E41-C1C7-4B51-8AD5-6C0915F76D4F}.Release|x86.Build.0 = Release|Any CPU
		{668DCC4E-B9FE-40E8-A36A-1D0FEB7D4ECC}.Debug|Any CPU.ActiveCfg = Debug|Any CPU
		{668DCC4E-B9FE-40E8-A36A-1D0FEB7D4ECC}.Debug|Any CPU.Build.0 = Debug|Any CPU
		{668DCC4E-B9FE-40E8-A36A-1D0FEB7D4ECC}.Debug|x64.ActiveCfg = Debug|Any CPU
		{668DCC4E-B9FE-40E8-A36A-1D0FEB7D4ECC}.Debug|x64.Build.0 = Debug|Any CPU
		{668DCC4E-B9FE-40E8-A36A-1D0FEB7D4ECC}.Debug|x86.ActiveCfg = Debug|Any CPU
		{668DCC4E-B9FE-40E8-A36A-1D0FEB7D4ECC}.Debug|x86.Build.0 = Debug|Any CPU
		{668DCC4E-B9FE-40E8-A36A-1D0FEB7D4ECC}.Release|Any CPU.ActiveCfg = Release|Any CPU
		{668DCC4E-B9FE-40E8-A36A-1D0FEB7D4ECC}.Release|Any CPU.Build.0 = Release|Any CPU
		{668DCC4E-B9FE-40E8-A36A-1D0FEB7D4ECC}.Release|x64.ActiveCfg = Release|Any CPU
		{668DCC4E-B9FE-40E8-A36A-1D0FEB7D4ECC}.Release|x64.Build.0 = Release|Any CPU
		{668DCC4E-B9FE-40E8-A36A-1D0FEB7D4ECC}.Release|x86.ActiveCfg = Release|Any CPU
		{668DCC4E-B9FE-40E8-A36A-1D0FEB7D4ECC}.Release|x86.Build.0 = Release|Any CPU
		{F811893D-9C6E-413C-A42F-9DB1C08C0870}.Debug|Any CPU.ActiveCfg = Debug|Any CPU
		{F811893D-9C6E-413C-A42F-9DB1C08C0870}.Debug|Any CPU.Build.0 = Debug|Any CPU
		{F811893D-9C6E-413C-A42F-9DB1C08C0870}.Debug|x64.ActiveCfg = Debug|Any CPU
		{F811893D-9C6E-413C-A42F-9DB1C08C0870}.Debug|x64.Build.0 = Debug|Any CPU
		{F811893D-9C6E-413C-A42F-9DB1C08C0870}.Debug|x86.ActiveCfg = Debug|Any CPU
		{F811893D-9C6E-413C-A42F-9DB1C08C0870}.Debug|x86.Build.0 = Debug|Any CPU
		{F811893D-9C6E-413C-A42F-9DB1C08C0870}.Release|Any CPU.ActiveCfg = Release|Any CPU
		{F811893D-9C6E-413C-A42F-9DB1C08C0870}.Release|Any CPU.Build.0 = Release|Any CPU
		{F811893D-9C6E-413C-A42F-9DB1C08C0870}.Release|x64.ActiveCfg = Release|Any CPU
		{F811893D-9C6E-413C-A42F-9DB1C08C0870}.Release|x64.Build.0 = Release|Any CPU
		{F811893D-9C6E-413C-A42F-9DB1C08C0870}.Release|x86.ActiveCfg = Release|Any CPU
		{F811893D-9C6E-413C-A42F-9DB1C08C0870}.Release|x86.Build.0 = Release|Any CPU
	EndGlobalSection
	GlobalSection(SolutionProperties) = preSolution
		HideSolutionNode = FALSE
	EndGlobalSection
	GlobalSection(NestedProjects) = preSolution
		{6AA7107D-7D99-4DE6-8207-978856676F48} = {827E0CD3-B72D-47B6-A68D-7590B98EB39B}
		{C210781F-05AA-4F9A-BCF9-642226B430A3} = {827E0CD3-B72D-47B6-A68D-7590B98EB39B}
		{EF492E41-C1C7-4B51-8AD5-6C0915F76D4F} = {827E0CD3-B72D-47B6-A68D-7590B98EB39B}
		{668DCC4E-B9FE-40E8-A36A-1D0FEB7D4ECC} = {0AB3BF05-4346-4AA6-1389-037BE0695223}
		{F811893D-9C6E-413C-A42F-9DB1C08C0870} = {827E0CD3-B72D-47B6-A68D-7590B98EB39B}
	EndGlobalSection
EndGlobal
# SuperBodega - Sistema E-Commerce
